
Microsoft Visual Studio Solution File, Format Version 12.00
# Visual Studio Version 16
VisualStudioVersion = 16.0.30611.23
MinimumVisualStudioVersion = 10.0.40219.1
Project("{FAE04EC0-301F-11D3-BF4B-00C04F79EFBC}") = "Anegrului_Cosmina_Lab5", "Anegrului_Cosmina_Lab5\Anegrului_Cosmina_Lab5.csproj", "{975BB41D-0599-452F-AD28-B10AFC6CA538}"
EndProject
Global
	GlobalSection(SolutionConfigurationPlatforms) = preSolution
		Debug|Any CPU = Debug|Any CPU
		Release|Any CPU = Release|Any CPU
	EndGlobalSection
	GlobalSection(ProjectConfigurationPlatforms) = postSolution
		{975BB41D-0599-452F-AD28-B10AFC6CA538}.Debug|Any CPU.ActiveCfg = Debug|Any CPU
		{975BB41D-0599-452F-AD28-B10AFC6CA538}.Debug|Any CPU.Build.0 = Debug|Any CPU
		{975BB41D-0599-452F-AD28-B10AFC6CA538}.Release|Any CPU.ActiveCfg = Release|Any CPU
		{975BB41D-0599-452F-AD28-B10AFC6CA538}.Release|Any CPU.Build.0 = Release|Any CPU
	EndGlobalSection
	GlobalSection(SolutionProperties) = preSolution
		HideSolutionNode = FALSE
	EndGlobalSection
	GlobalSection(ExtensibilityGlobals) = postSolution
		SolutionGuid = {60A8EED9-B660-425D-8F80-D810DE295EB2}
	EndGlobalSection
EndGlobal
